
Microsoft Visual Studio Solution File, Format Version 12.00
# Visual Studio 14
VisualStudioVersion = 14.0.25123.0
MinimumVisualStudioVersion = 10.0.40219.1
Project("{FAE04EC0-301F-11D3-BF4B-00C04F79EFBC}") = "CS.UI.Client", "CS.UI.Client\CS.UI.Client.csproj", "{839983F1-DFAF-43EA-A5FF-5F92641188A1}"
	ProjectSection(ProjectDependencies) = postProject
		{CFD2B66D-06C7-495C-8B62-0952C154D71E} = {CFD2B66D-06C7-495C-8B62-0952C154D71E}
		{89B501B6-7FE0-4023-985C-9774350535A9} = {89B501B6-7FE0-4023-985C-9774350535A9}
		{EE96EECB-ADE4-42E3-9C47-E520D3A1249F} = {EE96EECB-ADE4-42E3-9C47-E520D3A1249F}
	EndProjectSection
EndProject
Project("{FAE04EC0-301F-11D3-BF4B-00C04F79EFBC}") = "CS.UI.Common", "CS.UI.Common\CS.UI.Common.csproj", "{F9CED5A8-7C6F-4BE3-845C-D855663838AD}"
EndProject
Project("{FAE04EC0-301F-11D3-BF4B-00C04F79EFBC}") = "CS.UI.Homepage", "CS.UI.Homepage\CS.UI.Homepage.csproj", "{EE96EECB-ADE4-42E3-9C47-E520D3A1249F}"
EndProject
Project("{FAE04EC0-301F-11D3-BF4B-00C04F79EFBC}") = "CS.UI.Maintenance", "CS.UI.Maintenance\CS.UI.Maintenance.csproj", "{89B501B6-7FE0-4023-985C-9774350535A9}"
EndProject
Project("{FAE04EC0-301F-11D3-BF4B-00C04F79EFBC}") = "CS.DomainModel", "CS.DomainModel\CS.DomainModel.csproj", "{4D4565C6-9CF4-4C8B-9804-D7B2A8962266}"
EndProject
Project("{FAE04EC0-301F-11D3-BF4B-00C04F79EFBC}") = "CS.DocumentRepository", "CS.DocumentRepository\CS.DocumentRepository.csproj", "{B47CDB5F-85F4-402A-9DFB-1E21EFA73311}"
EndProject
Project("{FAE04EC0-301F-11D3-BF4B-00C04F79EFBC}") = "CS.DocumentRepositoryTests", "CS.DocumentRepositoryTests\CS.DocumentRepositoryTests.csproj", "{67D7E899-5D6A-40ED-9D92-7669B02F18C4}"
EndProject
Project("{F088123C-0E9E-452A-89E6-6BA2F21D5CAC}") = "CS.Modelling", "CS.Modelling\CS.Modelling.modelproj", "{FC47A9AE-A420-4D68-8F5B-913FC4A4969E}"
EndProject
Project("{FAE04EC0-301F-11D3-BF4B-00C04F79EFBC}") = "CS.Activities", "CS.Activities\CS.Activities.csproj", "{CFD2B66D-06C7-495C-8B62-0952C154D71E}"
EndProject
Project("{FAE04EC0-301F-11D3-BF4B-00C04F79EFBC}") = "CS.TaskRepository", "CS.TaskRepository\CS.TaskRepository.csproj", "{6C0A4C0A-0019-4D3D-926F-5C7F45435B02}"
EndProject
Project("{FAE04EC0-301F-11D3-BF4B-00C04F79EFBC}") = "CS.TaskRepositoryTests", "CS.TaskRepositoryTests\CS.TaskRepositoryTests.csproj", "{CAE614BC-A516-4C2E-AA36-9D4CBA2A73E8}"
EndProject
Project("{FAE04EC0-301F-11D3-BF4B-00C04F79EFBC}") = "CS.PortaIntegration", "CS.PortaIntegration\CS.PortaIntegration.csproj", "{E8E71E9D-3CC5-4BFD-B4F0-24D723E5EBF4}"
EndProject
Project("{FAE04EC0-301F-11D3-BF4B-00C04F79EFBC}") = "CS.PortaIntegrationTests", "CS.PortaIntegrationTests\CS.PortaIntegrationTests.csproj", "{37D07B3E-8642-4EC1-B3C8-50E8187A9034}"
EndProject
Project("{FAE04EC0-301F-11D3-BF4B-00C04F79EFBC}") = "CS.ClientService", "CS.ClientService\CS.ClientService.csproj", "{BBC3204E-B755-4952-83E0-96FBDF2052DB}"
EndProject
Project("{FAE04EC0-301F-11D3-BF4B-00C04F79EFBC}") = "CS.ClientService.Tests", "CS.ClientService.Tests\CS.ClientService.Tests.csproj", "{D1F56A3E-4E41-434E-9579-E1FA2A604956}"
EndProject
Project("{FAE04EC0-301F-11D3-BF4B-00C04F79EFBC}") = "CS.Test.Console", "CS.Test.Console\CS.Test.Console.csproj", "{9133092D-1399-4B56-B5CC-93A8CCFABFBD}"
EndProject
Project("{FAE04EC0-301F-11D3-BF4B-00C04F79EFBC}") = "CS.Data.Context.ClientBoundedContext", "CS.Data.ClientBoundedContext\CS.Data.Context.ClientBoundedContext.csproj", "{2BC184F4-E269-4D01-AA46-583214A8DD1A}"
EndProject
Project("{2150E333-8FDC-42A3-9474-1A3956D46DE8}") = "CS.Data", "CS.Data", "{B75DB39D-BD27-4B4D-BCF3-DFC47576909A}"
EndProject
Project("{2150E333-8FDC-42A3-9474-1A3956D46DE8}") = "CS.Client", "CS.Client", "{F188A96F-AFE9-4368-8FD8-5F617BB6713A}"
EndProject
Project("{FAE04EC0-301F-11D3-BF4B-00C04F79EFBC}") = "CS.Data.Base", "CS.Data.Base\CS.Data.Base.csproj", "{BD4F4BA0-C245-4EE5-A8E5-113B5081F436}"
EndProject
Project("{2150E333-8FDC-42A3-9474-1A3956D46DE8}") = "Accessors", "Accessors", "{E2BBA276-0D83-429E-9D69-CF4C0D33141F}"
EndProject
Project("{FAE04EC0-301F-11D3-BF4B-00C04F79EFBC}") = "CS.Accessors.ClientAccessor", "CS.Accessors.ClientAccessor\CS.Accessors.ClientAccessor.csproj", "{AA7E778D-537C-42D5-87F5-04FE34A90284}"
EndProject
Project("{2150E333-8FDC-42A3-9474-1A3956D46DE8}") = "Repositories", "Repositories", "{A3D6E7FB-A369-4FA0-BA30-3839D8783081}"
EndProject
Project("{FAE04EC0-301F-11D3-BF4B-00C04F79EFBC}") = "CS.Repositories.ClientRepository", "CS.Repositories.ClientRepository\CS.Repositories.ClientRepository.csproj", "{C751A7CA-E96B-4B10-993C-D6967779F183}"
EndProject
Project("{2150E333-8FDC-42A3-9474-1A3956D46DE8}") = "UnitTests", "UnitTests", "{417F92FF-C3A8-4E7D-9DCF-94D1EE555621}"
EndProject
Project("{FAE04EC0-301F-11D3-BF4B-00C04F79EFBC}") = "CS.Data.Base.Test", "CS.Data.Base.Test\CS.Data.Base.Test.csproj", "{EE034172-2CAF-45D2-A9EF-F5E49891EE0A}"
EndProject
Project("{FAE04EC0-301F-11D3-BF4B-00C04F79EFBC}") = "CS.FakesForTesting", "CS.FakesForTesting\CS.FakesForTesting.csproj", "{DE6EF81D-3380-41C6-9AD0-1EF69D1B33D1}"
EndProject
Project("{FAE04EC0-301F-11D3-BF4B-00C04F79EFBC}") = "CS.Repositories.ClientRepository.Test", "CS.Repositories.ClientRepository.Test\CS.Repositories.ClientRepository.Test.csproj", "{0388FD20-B735-47B5-83B1-E0C3826994CA}"
EndProject
Project("{FAE04EC0-301F-11D3-BF4B-00C04F79EFBC}") = "CS.App.Models", "CS.App.Models\CS.App.Models.csproj", "{5C6D9E94-D04F-436C-939A-CAD83FC4B969}"
EndProject
Project("{FAE04EC0-301F-11D3-BF4B-00C04F79EFBC}") = "CS.Client.CentralApi", "CS.Client.CentralApi\CS.Client.CentralApi.csproj", "{806B49D4-A433-4F58-8F81-E4060FFAE316}"
EndProject
Project("{FAE04EC0-301F-11D3-BF4B-00C04F79EFBC}") = "CS.Client.CentralApi.Tests", "CS.Client.CentralApi.Tests\CS.Client.CentralApi.Tests.csproj", "{0D949AD1-8E00-44F3-A1E6-4E3FC4C84AA5}"
EndProject
Project("{2150E333-8FDC-42A3-9474-1A3956D46DE8}") = "CS.Common", "CS.Common", "{3DD4B8F8-03E7-423F-8356-E05BEB2C991A}"
EndProject
Project("{FAE04EC0-301F-11D3-BF4B-00C04F79EFBC}") = "CS.Common.Autofac", "CS.Common.AutofacRegistration\CS.Common.Autofac.csproj", "{80361EAB-4E73-4150-B780-A6E5A370070E}"
EndProject
Project("{FAE04EC0-301F-11D3-BF4B-00C04F79EFBC}") = "CS.Common.AutoMapper", "CS.Common.AutoMapper\CS.Common.AutoMapper.csproj", "{21EF7192-F99A-448E-9138-E1D450D31C04}"
EndProject
Global
	GlobalSection(SolutionConfigurationPlatforms) = preSolution
		Debug|Any CPU = Debug|Any CPU
		Release|Any CPU = Release|Any CPU
	EndGlobalSection
	GlobalSection(ProjectConfigurationPlatforms) = postSolution
		{839983F1-DFAF-43EA-A5FF-5F92641188A1}.Debug|Any CPU.ActiveCfg = Debug|Any CPU
		{839983F1-DFAF-43EA-A5FF-5F92641188A1}.Debug|Any CPU.Build.0 = Debug|Any CPU
		{839983F1-DFAF-43EA-A5FF-5F92641188A1}.Release|Any CPU.ActiveCfg = Release|Any CPU
		{839983F1-DFAF-43EA-A5FF-5F92641188A1}.Release|Any CPU.Build.0 = Release|Any CPU
		{F9CED5A8-7C6F-4BE3-845C-D855663838AD}.Debug|Any CPU.ActiveCfg = Debug|Any CPU
		{F9CED5A8-7C6F-4BE3-845C-D855663838AD}.Debug|Any CPU.Build.0 = Debug|Any CPU
		{F9CED5A8-7C6F-4BE3-845C-D855663838AD}.Release|Any CPU.ActiveCfg = Release|Any CPU
		{F9CED5A8-7C6F-4BE3-845C-D855663838AD}.Release|Any CPU.Build.0 = Release|Any CPU
		{EE96EECB-ADE4-42E3-9C47-E520D3A1249F}.Debug|Any CPU.ActiveCfg = Debug|Any CPU
		{EE96EECB-ADE4-42E3-9C47-E520D3A1249F}.Debug|Any CPU.Build.0 = Debug|Any CPU
		{EE96EECB-ADE4-42E3-9C47-E520D3A1249F}.Release|Any CPU.ActiveCfg = Release|Any CPU
		{EE96EECB-ADE4-42E3-9C47-E520D3A1249F}.Release|Any CPU.Build.0 = Release|Any CPU
		{89B501B6-7FE0-4023-985C-9774350535A9}.Debug|Any CPU.ActiveCfg = Debug|Any CPU
		{89B501B6-7FE0-4023-985C-9774350535A9}.Debug|Any CPU.Build.0 = Debug|Any CPU
		{89B501B6-7FE0-4023-985C-9774350535A9}.Release|Any CPU.ActiveCfg = Release|Any CPU
		{89B501B6-7FE0-4023-985C-9774350535A9}.Release|Any CPU.Build.0 = Release|Any CPU
		{4D4565C6-9CF4-4C8B-9804-D7B2A8962266}.Debug|Any CPU.ActiveCfg = Debug|Any CPU
		{4D4565C6-9CF4-4C8B-9804-D7B2A8962266}.Debug|Any CPU.Build.0 = Debug|Any CPU
		{4D4565C6-9CF4-4C8B-9804-D7B2A8962266}.Release|Any CPU.ActiveCfg = Release|Any CPU
		{4D4565C6-9CF4-4C8B-9804-D7B2A8962266}.Release|Any CPU.Build.0 = Release|Any CPU
		{B47CDB5F-85F4-402A-9DFB-1E21EFA73311}.Debug|Any CPU.ActiveCfg = Debug|Any CPU
		{B47CDB5F-85F4-402A-9DFB-1E21EFA73311}.Debug|Any CPU.Build.0 = Debug|Any CPU
		{B47CDB5F-85F4-402A-9DFB-1E21EFA73311}.Release|Any CPU.ActiveCfg = Release|Any CPU
		{B47CDB5F-85F4-402A-9DFB-1E21EFA73311}.Release|Any CPU.Build.0 = Release|Any CPU
		{67D7E899-5D6A-40ED-9D92-7669B02F18C4}.Debug|Any CPU.ActiveCfg = Debug|Any CPU
		{67D7E899-5D6A-40ED-9D92-7669B02F18C4}.Debug|Any CPU.Build.0 = Debug|Any CPU
		{67D7E899-5D6A-40ED-9D92-7669B02F18C4}.Release|Any CPU.ActiveCfg = Release|Any CPU
		{67D7E899-5D6A-40ED-9D92-7669B02F18C4}.Release|Any CPU.Build.0 = Release|Any CPU
		{FC47A9AE-A420-4D68-8F5B-913FC4A4969E}.Debug|Any CPU.ActiveCfg = Debug|Any CPU
		{FC47A9AE-A420-4D68-8F5B-913FC4A4969E}.Debug|Any CPU.Build.0 = Debug|Any CPU
		{FC47A9AE-A420-4D68-8F5B-913FC4A4969E}.Release|Any CPU.ActiveCfg = Release|Any CPU
		{FC47A9AE-A420-4D68-8F5B-913FC4A4969E}.Release|Any CPU.Build.0 = Release|Any CPU
		{CFD2B66D-06C7-495C-8B62-0952C154D71E}.Debug|Any CPU.ActiveCfg = Debug|Any CPU
		{CFD2B66D-06C7-495C-8B62-0952C154D71E}.Debug|Any CPU.Build.0 = Debug|Any CPU
		{CFD2B66D-06C7-495C-8B62-0952C154D71E}.Release|Any CPU.ActiveCfg = Release|Any CPU
		{CFD2B66D-06C7-495C-8B62-0952C154D71E}.Release|Any CPU.Build.0 = Release|Any CPU
		{6C0A4C0A-0019-4D3D-926F-5C7F45435B02}.Debug|Any CPU.ActiveCfg = Debug|Any CPU
		{6C0A4C0A-0019-4D3D-926F-5C7F45435B02}.Debug|Any CPU.Build.0 = Debug|Any CPU
		{6C0A4C0A-0019-4D3D-926F-5C7F45435B02}.Release|Any CPU.ActiveCfg = Release|Any CPU
		{6C0A4C0A-0019-4D3D-926F-5C7F45435B02}.Release|Any CPU.Build.0 = Release|Any CPU
		{CAE614BC-A516-4C2E-AA36-9D4CBA2A73E8}.Debug|Any CPU.ActiveCfg = Debug|Any CPU
		{CAE614BC-A516-4C2E-AA36-9D4CBA2A73E8}.Debug|Any CPU.Build.0 = Debug|Any CPU
		{CAE614BC-A516-4C2E-AA36-9D4CBA2A73E8}.Release|Any CPU.ActiveCfg = Release|Any CPU
		{CAE614BC-A516-4C2E-AA36-9D4CBA2A73E8}.Release|Any CPU.Build.0 = Release|Any CPU
		{E8E71E9D-3CC5-4BFD-B4F0-24D723E5EBF4}.Debug|Any CPU.ActiveCfg = Debug|Any CPU
		{E8E71E9D-3CC5-4BFD-B4F0-24D723E5EBF4}.Debug|Any CPU.Build.0 = Debug|Any CPU
		{E8E71E9D-3CC5-4BFD-B4F0-24D723E5EBF4}.Release|Any CPU.ActiveCfg = Release|Any CPU
		{E8E71E9D-3CC5-4BFD-B4F0-24D723E5EBF4}.Release|Any CPU.Build.0 = Release|Any CPU
		{37D07B3E-8642-4EC1-B3C8-50E8187A9034}.Debug|Any CPU.ActiveCfg = Debug|Any CPU
		{37D07B3E-8642-4EC1-B3C8-50E8187A9034}.Debug|Any CPU.Build.0 = Debug|Any CPU
		{37D07B3E-8642-4EC1-B3C8-50E8187A9034}.Release|Any CPU.ActiveCfg = Release|Any CPU
		{37D07B3E-8642-4EC1-B3C8-50E8187A9034}.Release|Any CPU.Build.0 = Release|Any CPU
		{BBC3204E-B755-4952-83E0-96FBDF2052DB}.Debug|Any CPU.ActiveCfg = Debug|Any CPU
		{BBC3204E-B755-4952-83E0-96FBDF2052DB}.Debug|Any CPU.Build.0 = Debug|Any CPU
		{BBC3204E-B755-4952-83E0-96FBDF2052DB}.Release|Any CPU.ActiveCfg = Release|Any CPU
		{BBC3204E-B755-4952-83E0-96FBDF2052DB}.Release|Any CPU.Build.0 = Release|Any CPU
		{D1F56A3E-4E41-434E-9579-E1FA2A604956}.Debug|Any CPU.ActiveCfg = Debug|Any CPU
		{D1F56A3E-4E41-434E-9579-E1FA2A604956}.Debug|Any CPU.Build.0 = Debug|Any CPU
		{D1F56A3E-4E41-434E-9579-E1FA2A604956}.Release|Any CPU.ActiveCfg = Release|Any CPU
		{D1F56A3E-4E41-434E-9579-E1FA2A604956}.Release|Any CPU.Build.0 = Release|Any CPU
		{9133092D-1399-4B56-B5CC-93A8CCFABFBD}.Debug|Any CPU.ActiveCfg = Debug|Any CPU
		{9133092D-1399-4B56-B5CC-93A8CCFABFBD}.Debug|Any CPU.Build.0 = Debug|Any CPU
		{9133092D-1399-4B56-B5CC-93A8CCFABFBD}.Release|Any CPU.ActiveCfg = Release|Any CPU
		{9133092D-1399-4B56-B5CC-93A8CCFABFBD}.Release|Any CPU.Build.0 = Release|Any CPU
		{2BC184F4-E269-4D01-AA46-583214A8DD1A}.Debug|Any CPU.ActiveCfg = Debug|Any CPU
		{2BC184F4-E269-4D01-AA46-583214A8DD1A}.Debug|Any CPU.Build.0 = Debug|Any CPU
		{2BC184F4-E269-4D01-AA46-583214A8DD1A}.Release|Any CPU.ActiveCfg = Release|Any CPU
		{2BC184F4-E269-4D01-AA46-583214A8DD1A}.Release|Any CPU.Build.0 = Release|Any CPU
		{BD4F4BA0-C245-4EE5-A8E5-113B5081F436}.Debug|Any CPU.ActiveCfg = Debug|Any CPU
		{BD4F4BA0-C245-4EE5-A8E5-113B5081F436}.Debug|Any CPU.Build.0 = Debug|Any CPU
		{BD4F4BA0-C245-4EE5-A8E5-113B5081F436}.Release|Any CPU.ActiveCfg = Release|Any CPU
		{BD4F4BA0-C245-4EE5-A8E5-113B5081F436}.Release|Any CPU.Build.0 = Release|Any CPU
		{AA7E778D-537C-42D5-87F5-04FE34A90284}.Debug|Any CPU.ActiveCfg = Debug|Any CPU
		{AA7E778D-537C-42D5-87F5-04FE34A90284}.Debug|Any CPU.Build.0 = Debug|Any CPU
		{AA7E778D-537C-42D5-87F5-04FE34A90284}.Release|Any CPU.ActiveCfg = Release|Any CPU
		{AA7E778D-537C-42D5-87F5-04FE34A90284}.Release|Any CPU.Build.0 = Release|Any CPU
		{C751A7CA-E96B-4B10-993C-D6967779F183}.Debug|Any CPU.ActiveCfg = Debug|Any CPU
		{C751A7CA-E96B-4B10-993C-D6967779F183}.Debug|Any CPU.Build.0 = Debug|Any CPU
		{C751A7CA-E96B-4B10-993C-D6967779F183}.Release|Any CPU.ActiveCfg = Release|Any CPU
		{C751A7CA-E96B-4B10-993C-D6967779F183}.Release|Any CPU.Build.0 = Release|Any CPU
		{EE034172-2CAF-45D2-A9EF-F5E49891EE0A}.Debug|Any CPU.ActiveCfg = Debug|Any CPU
		{EE034172-2CAF-45D2-A9EF-F5E49891EE0A}.Debug|Any CPU.Build.0 = Debug|Any CPU
		{EE034172-2CAF-45D2-A9EF-F5E49891EE0A}.Release|Any CPU.ActiveCfg = Release|Any CPU
		{EE034172-2CAF-45D2-A9EF-F5E49891EE0A}.Release|Any CPU.Build.0 = Release|Any CPU
		{DE6EF81D-3380-41C6-9AD0-1EF69D1B33D1}.Debug|Any CPU.ActiveCfg = Debug|Any CPU
		{DE6EF81D-3380-41C6-9AD0-1EF69D1B33D1}.Debug|Any CPU.Build.0 = Debug|Any CPU
		{DE6EF81D-3380-41C6-9AD0-1EF69D1B33D1}.Release|Any CPU.ActiveCfg = Release|Any CPU
		{DE6EF81D-3380-41C6-9AD0-1EF69D1B33D1}.Release|Any CPU.Build.0 = Release|Any CPU
		{0388FD20-B735-47B5-83B1-E0C3826994CA}.Debug|Any CPU.ActiveCfg = Debug|Any CPU
		{0388FD20-B735-47B5-83B1-E0C3826994CA}.Debug|Any CPU.Build.0 = Debug|Any CPU
		{0388FD20-B735-47B5-83B1-E0C3826994CA}.Release|Any CPU.ActiveCfg = Release|Any CPU
		{0388FD20-B735-47B5-83B1-E0C3826994CA}.Release|Any CPU.Build.0 = Release|Any CPU
		{5C6D9E94-D04F-436C-939A-CAD83FC4B969}.Debug|Any CPU.ActiveCfg = Debug|Any CPU
		{5C6D9E94-D04F-436C-939A-CAD83FC4B969}.Debug|Any CPU.Build.0 = Debug|Any CPU
		{5C6D9E94-D04F-436C-939A-CAD83FC4B969}.Release|Any CPU.ActiveCfg = Release|Any CPU
		{5C6D9E94-D04F-436C-939A-CAD83FC4B969}.Release|Any CPU.Build.0 = Release|Any CPU
		{806B49D4-A433-4F58-8F81-E4060FFAE316}.Debug|Any CPU.ActiveCfg = Debug|Any CPU
		{806B49D4-A433-4F58-8F81-E4060FFAE316}.Debug|Any CPU.Build.0 = Debug|Any CPU
		{806B49D4-A433-4F58-8F81-E4060FFAE316}.Release|Any CPU.ActiveCfg = Release|Any CPU
		{806B49D4-A433-4F58-8F81-E4060FFAE316}.Release|Any CPU.Build.0 = Release|Any CPU
		{0D949AD1-8E00-44F3-A1E6-4E3FC4C84AA5}.Debug|Any CPU.ActiveCfg = Debug|Any CPU
		{0D949AD1-8E00-44F3-A1E6-4E3FC4C84AA5}.Debug|Any CPU.Build.0 = Debug|Any CPU
		{0D949AD1-8E00-44F3-A1E6-4E3FC4C84AA5}.Release|Any CPU.ActiveCfg = Release|Any CPU
		{0D949AD1-8E00-44F3-A1E6-4E3FC4C84AA5}.Release|Any CPU.Build.0 = Release|Any CPU
		{80361EAB-4E73-4150-B780-A6E5A370070E}.Debug|Any CPU.ActiveCfg = Debug|Any CPU
		{80361EAB-4E73-4150-B780-A6E5A370070E}.Debug|Any CPU.Build.0 = Debug|Any CPU
		{80361EAB-4E73-4150-B780-A6E5A370070E}.Release|Any CPU.ActiveCfg = Release|Any CPU
		{80361EAB-4E73-4150-B780-A6E5A370070E}.Release|Any CPU.Build.0 = Release|Any CPU
		{21EF7192-F99A-448E-9138-E1D450D31C04}.Debug|Any CPU.ActiveCfg = Debug|Any CPU
		{21EF7192-F99A-448E-9138-E1D450D31C04}.Debug|Any CPU.Build.0 = Debug|Any CPU
		{21EF7192-F99A-448E-9138-E1D450D31C04}.Release|Any CPU.ActiveCfg = Release|Any CPU
		{21EF7192-F99A-448E-9138-E1D450D31C04}.Release|Any CPU.Build.0 = Release|Any CPU
	EndGlobalSection
	GlobalSection(SolutionProperties) = preSolution
		HideSolutionNode = FALSE
	EndGlobalSection
	GlobalSection(NestedProjects) = preSolution
		{839983F1-DFAF-43EA-A5FF-5F92641188A1} = {F188A96F-AFE9-4368-8FD8-5F617BB6713A}
		{F9CED5A8-7C6F-4BE3-845C-D855663838AD} = {F188A96F-AFE9-4368-8FD8-5F617BB6713A}
		{EE96EECB-ADE4-42E3-9C47-E520D3A1249F} = {F188A96F-AFE9-4368-8FD8-5F617BB6713A}
		{89B501B6-7FE0-4023-985C-9774350535A9} = {F188A96F-AFE9-4368-8FD8-5F617BB6713A}
		{9133092D-1399-4B56-B5CC-93A8CCFABFBD} = {F188A96F-AFE9-4368-8FD8-5F617BB6713A}
		{2BC184F4-E269-4D01-AA46-583214A8DD1A} = {B75DB39D-BD27-4B4D-BCF3-DFC47576909A}
		{BD4F4BA0-C245-4EE5-A8E5-113B5081F436} = {B75DB39D-BD27-4B4D-BCF3-DFC47576909A}
		{AA7E778D-537C-42D5-87F5-04FE34A90284} = {E2BBA276-0D83-429E-9D69-CF4C0D33141F}
		{C751A7CA-E96B-4B10-993C-D6967779F183} = {A3D6E7FB-A369-4FA0-BA30-3839D8783081}
		{EE034172-2CAF-45D2-A9EF-F5E49891EE0A} = {417F92FF-C3A8-4E7D-9DCF-94D1EE555621}
		{DE6EF81D-3380-41C6-9AD0-1EF69D1B33D1} = {417F92FF-C3A8-4E7D-9DCF-94D1EE555621}
		{0388FD20-B735-47B5-83B1-E0C3826994CA} = {417F92FF-C3A8-4E7D-9DCF-94D1EE555621}
		{5C6D9E94-D04F-436C-939A-CAD83FC4B969} = {E2BBA276-0D83-429E-9D69-CF4C0D33141F}
		{806B49D4-A433-4F58-8F81-E4060FFAE316} = {F188A96F-AFE9-4368-8FD8-5F617BB6713A}
		{0D949AD1-8E00-44F3-A1E6-4E3FC4C84AA5} = {417F92FF-C3A8-4E7D-9DCF-94D1EE555621}
		{80361EAB-4E73-4150-B780-A6E5A370070E} = {3DD4B8F8-03E7-423F-8356-E05BEB2C991A}
		{21EF7192-F99A-448E-9138-E1D450D31C04} = {3DD4B8F8-03E7-423F-8356-E05BEB2C991A}
	EndGlobalSection
EndGlobal
