
Microsoft Visual Studio Solution File, Format Version 12.00
# Visual Studio 14
VisualStudioVersion = 14.0.23107.0
MinimumVisualStudioVersion = 10.0.40219.1
Project("{FAE04EC0-301F-11D3-BF4B-00C04F79EFBC}") = "CS.UI.Client", "CS.UI.Client\CS.UI.Client.csproj", "{839983F1-DFAF-43EA-A5FF-5F92641188A1}"
	ProjectSection(ProjectDependencies) = postProject
		{EE96EECB-ADE4-42E3-9C47-E520D3A1249F} = {EE96EECB-ADE4-42E3-9C47-E520D3A1249F}
	EndProjectSection
EndProject
Project("{FAE04EC0-301F-11D3-BF4B-00C04F79EFBC}") = "CS.UI.Common", "CS.UI.Common\CS.UI.Common.csproj", "{F9CED5A8-7C6F-4BE3-845C-D855663838AD}"
EndProject
Project("{FAE04EC0-301F-11D3-BF4B-00C04F79EFBC}") = "CS.UI.Homepage", "CS.UI.Homepage\CS.UI.Homepage.csproj", "{EE96EECB-ADE4-42E3-9C47-E520D3A1249F}"
EndProject
Global
	GlobalSection(SolutionConfigurationPlatforms) = preSolution
		Debug|Any CPU = Debug|Any CPU
		Release|Any CPU = Release|Any CPU
	EndGlobalSection
	GlobalSection(ProjectConfigurationPlatforms) = postSolution
		{839983F1-DFAF-43EA-A5FF-5F92641188A1}.Debug|Any CPU.ActiveCfg = Debug|Any CPU
		{839983F1-DFAF-43EA-A5FF-5F92641188A1}.Debug|Any CPU.Build.0 = Debug|Any CPU
		{839983F1-DFAF-43EA-A5FF-5F92641188A1}.Release|Any CPU.ActiveCfg = Release|Any CPU
		{839983F1-DFAF-43EA-A5FF-5F92641188A1}.Release|Any CPU.Build.0 = Release|Any CPU
		{F9CED5A8-7C6F-4BE3-845C-D855663838AD}.Debug|Any CPU.ActiveCfg = Debug|Any CPU
		{F9CED5A8-7C6F-4BE3-845C-D855663838AD}.Debug|Any CPU.Build.0 = Debug|Any CPU
		{F9CED5A8-7C6F-4BE3-845C-D855663838AD}.Release|Any CPU.ActiveCfg = Release|Any CPU
		{F9CED5A8-7C6F-4BE3-845C-D855663838AD}.Release|Any CPU.Build.0 = Release|Any CPU
		{EE96EECB-ADE4-42E3-9C47-E520D3A1249F}.Debug|Any CPU.ActiveCfg = Debug|Any CPU
		{EE96EECB-ADE4-42E3-9C47-E520D3A1249F}.Debug|Any CPU.Build.0 = Debug|Any CPU
		{EE96EECB-ADE4-42E3-9C47-E520D3A1249F}.Release|Any CPU.ActiveCfg = Release|Any CPU
		{EE96EECB-ADE4-42E3-9C47-E520D3A1249F}.Release|Any CPU.Build.0 = Release|Any CPU
	EndGlobalSection
	GlobalSection(SolutionProperties) = preSolution
		HideSolutionNode = FALSE
	EndGlobalSection
EndGlobal
